
Microsoft Visual Studio Solution File, Format Version 12.00
# Visual Studio Version 16
VisualStudioVersion = 16.0.30711.63
MinimumVisualStudioVersion = 10.0.40219.1
Project("{FAE04EC0-301F-11D3-BF4B-00C04F79EFBC}") = "NiceAuction", "NiceAuction\NiceAuction.csproj", "{F6EEDB22-C56B-48EA-A404-5338084C7767}"
EndProject
Project("{FAE04EC0-301F-11D3-BF4B-00C04F79EFBC}") = "DAL", "DAL\DAL.csproj", "{D595F9E3-E635-445B-BFCF-47391999319C}"
EndProject
Global
	GlobalSection(SolutionConfigurationPlatforms) = preSolution
		Debug|Any CPU = Debug|Any CPU
		Release|Any CPU = Release|Any CPU
	EndGlobalSection
	GlobalSection(ProjectConfigurationPlatforms) = postSolution
		{F6EEDB22-C56B-48EA-A404-5338084C7767}.Debug|Any CPU.ActiveCfg = Debug|Any CPU
		{F6EEDB22-C56B-48EA-A404-5338084C7767}.Debug|Any CPU.Build.0 = Debug|Any CPU
		{F6EEDB22-C56B-48EA-A404-5338084C7767}.Release|Any CPU.ActiveCfg = Release|Any CPU
		{F6EEDB22-C56B-48EA-A404-5338084C7767}.Release|Any CPU.Build.0 = Release|Any CPU
		{D595F9E3-E635-445B-BFCF-47391999319C}.Debug|Any CPU.ActiveCfg = Debug|Any CPU
		{D595F9E3-E635-445B-BFCF-47391999319C}.Debug|Any CPU.Build.0 = Debug|Any CPU
		{D595F9E3-E635-445B-BFCF-47391999319C}.Release|Any CPU.ActiveCfg = Release|Any CPU
		{D595F9E3-E635-445B-BFCF-47391999319C}.Release|Any CPU.Build.0 = Release|Any CPU
	EndGlobalSection
	GlobalSection(SolutionProperties) = preSolution
		HideSolutionNode = FALSE
	EndGlobalSection
	GlobalSection(ExtensibilityGlobals) = postSolution
		SolutionGuid = {5DBDBA70-8A48-4065-A455-7334BD90CAE2}
	EndGlobalSection
EndGlobal
